
Microsoft Visual Studio Solution File, Format Version 12.00
# Visual Studio Version 16
VisualStudioVersion = 16.0.31702.278
MinimumVisualStudioVersion = 10.0.40219.1
Project("{9A19103F-16F7-4668-BE54-9A1E7A4F7556}") = "Web", "Web\Web.csproj", "{1578883B-675A-48BF-AE1D-CF7E79847800}"
EndProject
Project("{9A19103F-16F7-4668-BE54-9A1E7A4F7556}") = "Tests", "Tests\Tests.csproj", "{442D7E21-5DA7-433E-AAD7-B3AF1846DBF9}"
EndProject
Global
	GlobalSection(SolutionConfigurationPlatforms) = preSolution
		Debug|Any CPU = Debug|Any CPU
		Release|Any CPU = Release|Any CPU
	EndGlobalSection
	GlobalSection(ProjectConfigurationPlatforms) = postSolution
		{1578883B-675A-48BF-AE1D-CF7E79847800}.Debug|Any CPU.ActiveCfg = Debug|Any CPU
		{1578883B-675A-48BF-AE1D-CF7E79847800}.Debug|Any CPU.Build.0 = Debug|Any CPU
		{1578883B-675A-48BF-AE1D-CF7E79847800}.Release|Any CPU.ActiveCfg = Release|Any CPU
		{1578883B-675A-48BF-AE1D-CF7E79847800}.Release|Any CPU.Build.0 = Release|Any CPU
		{442D7E21-5DA7-433E-AAD7-B3AF1846DBF9}.Debug|Any CPU.ActiveCfg = Debug|Any CPU
		{442D7E21-5DA7-433E-AAD7-B3AF1846DBF9}.Debug|Any CPU.Build.0 = Debug|Any CPU
		{442D7E21-5DA7-433E-AAD7-B3AF1846DBF9}.Release|Any CPU.ActiveCfg = Release|Any CPU
		{442D7E21-5DA7-433E-AAD7-B3AF1846DBF9}.Release|Any CPU.Build.0 = Release|Any CPU
	EndGlobalSection
	GlobalSection(SolutionProperties) = preSolution
		HideSolutionNode = FALSE
	EndGlobalSection
	GlobalSection(ExtensibilityGlobals) = postSolution
		SolutionGuid = {A21C6013-2D81-457A-BD5E-5931721E56B7}
	EndGlobalSection
EndGlobal
